
Microsoft Visual Studio Solution File, Format Version 12.00
# Visual Studio 15
VisualStudioVersion = 15.0.28307.329
MinimumVisualStudioVersion = 10.0.40219.1
Project("{9A19103F-16F7-4668-BE54-9A1E7A4F7556}") = "CompositeVideoOscilloscope", "CompositeVideoOscilloscope.csproj", "{7B62FC50-B02A-465A-A936-3B027D48DD33}"
EndProject
Global
	GlobalSection(SolutionConfigurationPlatforms) = preSolution
		Debug|Any CPU = Debug|Any CPU
		Release|Any CPU = Release|Any CPU
	EndGlobalSection
	GlobalSection(ProjectConfigurationPlatforms) = postSolution
		{7B62FC50-B02A-465A-A936-3B027D48DD33}.Debug|Any CPU.ActiveCfg = Debug|Any CPU
		{7B62FC50-B02A-465A-A936-3B027D48DD33}.Debug|Any CPU.Build.0 = Debug|Any CPU
		{7B62FC50-B02A-465A-A936-3B027D48DD33}.Release|Any CPU.ActiveCfg = Release|Any CPU
		{7B62FC50-B02A-465A-A936-3B027D48DD33}.Release|Any CPU.Build.0 = Release|Any CPU
	EndGlobalSection
	GlobalSection(SolutionProperties) = preSolution
		HideSolutionNode = FALSE
	EndGlobalSection
	GlobalSection(ExtensibilityGlobals) = postSolution
		SolutionGuid = {979EC86B-53D3-4509-86E2-03BC27041C27}
	EndGlobalSection
EndGlobal
